// !$*UTF8*$!
{
	archiveVersion = 1;
	classes = {
	};
	objectVersion = 77;
	objects = {

/* Begin PBXContainerItemProxy section */
		04F73B292CC0155E00279310 /* PBXContainerItemProxy */ = {
			isa = PBXContainerItemProxy;
			containerPortal = 04F73B102CC0155B00279310 /* Project object */;
			proxyType = 1;
			remoteGlobalIDString = 04F73B172CC0155B00279310;
			remoteInfo = "Yuriy Shatunov";
		};
		04F73B332CC0155E00279310 /* PBXContainerItemProxy */ = {
			isa = PBXContainerItemProxy;
			containerPortal = 04F73B102CC0155B00279310 /* Project object */;
			proxyType = 1;
			remoteGlobalIDString = 04F73B172CC0155B00279310;
			remoteInfo = "Yuriy Shatunov";
		};
/* End PBXContainerItemProxy section */

/* Begin PBXFileReference section */
		04F73B182CC0155B00279310 /* Yuriy Shatunov.app */ = {isa = PBXFileReference; explicitFileType = wrapper.application; includeInIndex = 0; path = "Yuriy Shatunov.app"; sourceTree = BUILT_PRODUCTS_DIR; };
		04F73B282CC0155E00279310 /* Yuriy ShatunovTests.xctest */ = {isa = PBXFileReference; explicitFileType = wrapper.cfbundle; includeInIndex = 0; path = "Yuriy ShatunovTests.xctest"; sourceTree = BUILT_PRODUCTS_DIR; };
		04F73B322CC0155E00279310 /* Yuriy ShatunovUITests.xctest */ = {isa = PBXFileReference; explicitFileType = wrapper.cfbundle; includeInIndex = 0; path = "Yuriy ShatunovUITests.xctest"; sourceTree = BUILT_PRODUCTS_DIR; };
/* End PBXFileReference section */

/* Begin PBXFileSystemSynchronizedRootGroup section */
		04F73B1A2CC0155B00279310 /* Yuriy Shatunov */ = {
			isa = PBXFileSystemSynchronizedRootGroup;
			path = "Yuriy Shatunov";
			sourceTree = "<group>";
		};
		04F73B2B2CC0155E00279310 /* Yuriy ShatunovTests */ = {
			isa = PBXFileSystemSynchronizedRootGroup;
			path = "Yuriy ShatunovTests";
			sourceTree = "<group>";
		};
		04F73B352CC0155E00279310 /* Yuriy ShatunovUITests */ = {
			isa = PBXFileSystemSynchronizedRootGroup;
			path = "Yuriy ShatunovUITests";
			sourceTree = "<group>";
		};
/* End PBXFileSystemSynchronizedRootGroup section */

/* Begin PBXFrameworksBuildPhase section */
		04F73B152CC0155B00279310 /* Frameworks */ = {
			isa = PBXFrameworksBuildPhase;
			buildActionMask = 2147483647;
			files = (
			);
			runOnlyForDeploymentPostprocessing = 0;
		};
		04F73B252CC0155E00279310 /* Frameworks */ = {
			isa = PBXFrameworksBuildPhase;
			buildActionMask = 2147483647;
			files = (
			);
			runOnlyForDeploymentPostprocessing = 0;
		};
		04F73B2F2CC0155E00279310 /* Frameworks */ = {
			isa = PBXFrameworksBuildPhase;
			buildActionMask = 2147483647;
			files = (
			);
			runOnlyForDeploymentPostprocessing = 0;
		};
/* End PBXFrameworksBuildPhase section */

/* Begin PBXGroup section */
		04F73B0F2CC0155B00279310 = {
			isa = PBXGroup;
			children = (
				04F73B1A2CC0155B00279310 /* Yuriy Shatunov */,
				04F73B2B2CC0155E00279310 /* Yuriy ShatunovTests */,
				04F73B352CC0155E00279310 /* Yuriy ShatunovUITests */,
				04F73B192CC0155B00279310 /* Products */,
			);
			sourceTree = "<group>";
		};
		04F73B192CC0155B00279310 /* Products */ = {
			isa = PBXGroup;
			children = (
				04F73B182CC0155B00279310 /* Yuriy Shatunov.app */,
				04F73B282CC0155E00279310 /* Yuriy ShatunovTests.xctest */,
				04F73B322CC0155E00279310 /* Yuriy ShatunovUITests.xctest */,
			);
			name = Products;
			sourceTree = "<group>";
		};
/* End PBXGroup section */

/* Begin PBXNativeTarget section */
		04F73B172CC0155B00279310 /* Yuriy Shatunov */ = {
			isa = PBXNativeTarget;
			buildConfigurationList = 04F73B3C2CC0155E00279310 /* Build configuration list for PBXNativeTarget "Yuriy Shatunov" */;
			buildPhases = (
				04F73B142CC0155B00279310 /* Sources */,
				04F73B152CC0155B00279310 /* Frameworks */,
				04F73B162CC0155B00279310 /* Resources */,
			);
			buildRules = (
			);
			dependencies = (
			);
			fileSystemSynchronizedGroups = (
				04F73B1A2CC0155B00279310 /* Yuriy Shatunov */,
			);
			name = "Yuriy Shatunov";
			packageProductDependencies = (
			);
			productName = "Yuriy Shatunov";
			productReference = 04F73B182CC0155B00279310 /* Yuriy Shatunov.app */;
			productType = "com.apple.product-type.application";
		};
		04F73B272CC0155E00279310 /* Yuriy ShatunovTests */ = {
			isa = PBXNativeTarget;
			buildConfigurationList = 04F73B3F2CC0155E00279310 /* Build configuration list for PBXNativeTarget "Yuriy ShatunovTests" */;
			buildPhases = (
				04F73B242CC0155E00279310 /* Sources */,
				04F73B252CC0155E00279310 /* Frameworks */,
				04F73B262CC0155E00279310 /* Resources */,
			);
			buildRules = (
			);
			dependencies = (
				04F73B2A2CC0155E00279310 /* PBXTargetDependency */,
			);
			fileSystemSynchronizedGroups = (
				04F73B2B2CC0155E00279310 /* Yuriy ShatunovTests */,
			);
			name = "Yuriy ShatunovTests";
			packageProductDependencies = (
			);
			productName = "Yuriy ShatunovTests";
			productReference = 04F73B282CC0155E00279310 /* Yuriy ShatunovTests.xctest */;
			productType = "com.apple.product-type.bundle.unit-test";
		};
		04F73B312CC0155E00279310 /* Yuriy ShatunovUITests */ = {
			isa = PBXNativeTarget;
			buildConfigurationList = 04F73B422CC0155E00279310 /* Build configuration list for PBXNativeTarget "Yuriy ShatunovUITests" */;
			buildPhases = (
				04F73B2E2CC0155E00279310 /* Sources */,
				04F73B2F2CC0155E00279310 /* Frameworks */,
				04F73B302CC0155E00279310 /* Resources */,
			);
			buildRules = (
			);
			dependencies = (
				04F73B342CC0155E00279310 /* PBXTargetDependency */,
			);
			fileSystemSynchronizedGroups = (
				04F73B352CC0155E00279310 /* Yuriy ShatunovUITests */,
			);
			name = "Yuriy ShatunovUITests";
			packageProductDependencies = (
			);
			productName = "Yuriy ShatunovUITests";
			productReference = 04F73B322CC0155E00279310 /* Yuriy ShatunovUITests.xctest */;
			productType = "com.apple.product-type.bundle.ui-testing";
		};
/* End PBXNativeTarget section */

/* Begin PBXProject section */
		04F73B102CC0155B00279310 /* Project object */ = {
			isa = PBXProject;
			attributes = {
				BuildIndependentTargetsInParallel = 1;
				LastSwiftUpdateCheck = 1600;
				LastUpgradeCheck = 1600;
				TargetAttributes = {
					04F73B172CC0155B00279310 = {
						CreatedOnToolsVersion = 16.0;
					};
					04F73B272CC0155E00279310 = {
						CreatedOnToolsVersion = 16.0;
						TestTargetID = 04F73B172CC0155B00279310;
					};
					04F73B312CC0155E00279310 = {
						CreatedOnToolsVersion = 16.0;
						TestTargetID = 04F73B172CC0155B00279310;
					};
				};
			};
			buildConfigurationList = 04F73B132CC0155B00279310 /* Build configuration list for PBXProject "Yuriy Shatunov" */;
			developmentRegion = en;
			hasScannedForEncodings = 0;
			knownRegions = (
				en,
				Base,
			);
			mainGroup = 04F73B0F2CC0155B00279310;
			minimizedProjectReferenceProxies = 1;
			preferredProjectObjectVersion = 77;
			productRefGroup = 04F73B192CC0155B00279310 /* Products */;
			projectDirPath = "";
			projectRoot = "";
			targets = (
				04F73B172CC0155B00279310 /* Yuriy Shatunov */,
				04F73B272CC0155E00279310 /* Yuriy ShatunovTests */,
				04F73B312CC0155E00279310 /* Yuriy ShatunovUITests */,
			);
		};
/* End PBXProject section */

/* Begin PBXResourcesBuildPhase section */
		04F73B162CC0155B00279310 /* Resources */ = {
			isa = PBXResourcesBuildPhase;
			buildActionMask = 2147483647;
			files = (
			);
			runOnlyForDeploymentPostprocessing = 0;
		};
		04F73B262CC0155E00279310 /* Resources */ = {
			isa = PBXResourcesBuildPhase;
			buildActionMask = 2147483647;
			files = (
			);
			runOnlyForDeploymentPostprocessing = 0;
		};
		04F73B302CC0155E00279310 /* Resources */ = {
			isa = PBXResourcesBuildPhase;
			buildActionMask = 2147483647;
			files = (
			);
			runOnlyForDeploymentPostprocessing = 0;
		};
/* End PBXResourcesBuildPhase section */

/* Begin PBXSourcesBuildPhase section */
		04F73B142CC0155B00279310 /* Sources */ = {
			isa = PBXSourcesBuildPhase;
			buildActionMask = 2147483647;
			files = (
			);
			runOnlyForDeploymentPostprocessing = 0;
		};
		04F73B242CC0155E00279310 /* Sources */ = {
			isa = PBXSourcesBuildPhase;
			buildActionMask = 2147483647;
			files = (
			);
			runOnlyForDeploymentPostprocessing = 0;
		};
		04F73B2E2CC0155E00279310 /* Sources */ = {
			isa = PBXSourcesBuildPhase;
			buildActionMask = 2147483647;
			files = (
			);
			runOnlyForDeploymentPostprocessing = 0;
		};
/* End PBXSourcesBuildPhase section */

/* Begin PBXTargetDependency section */
		04F73B2A2CC0155E00279310 /* PBXTargetDependency */ = {
			isa = PBXTargetDependency;
			target = 04F73B172CC0155B00279310 /* Yuriy Shatunov */;
			targetProxy = 04F73B292CC0155E00279310 /* PBXContainerItemProxy */;
		};
		04F73B342CC0155E00279310 /* PBXTargetDependency */ = {
			isa = PBXTargetDependency;
			target = 04F73B172CC0155B00279310 /* Yuriy Shatunov */;
			targetProxy = 04F73B332CC0155E00279310 /* PBXContainerItemProxy */;
		};
/* End PBXTargetDependency section */

/* Begin XCBuildConfiguration section */
		04F73B3A2CC0155E00279310 /* Debug */ = {
			isa = XCBuildConfiguration;
			buildSettings = {
				ALWAYS_SEARCH_USER_PATHS = NO;
				ASSETCATALOG_COMPILER_GENERATE_SWIFT_ASSET_SYMBOL_EXTENSIONS = YES;
				CLANG_ANALYZER_NONNULL = YES;
				CLANG_ANALYZER_NUMBER_OBJECT_CONVERSION = YES_AGGRESSIVE;
				CLANG_CXX_LANGUAGE_STANDARD = "gnu++20";
				CLANG_ENABLE_MODULES = YES;
				CLANG_ENABLE_OBJC_ARC = YES;
				CLANG_ENABLE_OBJC_WEAK = YES;
				CLANG_WARN_BLOCK_CAPTURE_AUTORELEASING = YES;
				CLANG_WARN_BOOL_CONVERSION = YES;
				CLANG_WARN_COMMA = YES;
				CLANG_WARN_CONSTANT_CONVERSION = YES;
				CLANG_WARN_DEPRECATED_OBJC_IMPLEMENTATIONS = YES;
				CLANG_WARN_DIRECT_OBJC_ISA_USAGE = YES_ERROR;
				CLANG_WARN_DOCUMENTATION_COMMENTS = YES;
				CLANG_WARN_EMPTY_BODY = YES;
				CLANG_WARN_ENUM_CONVERSION = YES;
				CLANG_WARN_INFINITE_RECURSION = YES;
				CLANG_WARN_INT_CONVERSION = YES;
				CLANG_WARN_NON_LITERAL_NULL_CONVERSION = YES;
				CLANG_WARN_OBJC_IMPLICIT_RETAIN_SELF = YES;
				CLANG_WARN_OBJC_LITERAL_CONVERSION = YES;
				CLANG_WARN_OBJC_ROOT_CLASS = YES_ERROR;
				CLANG_WARN_QUOTED_INCLUDE_IN_FRAMEWORK_HEADER = YES;
				CLANG_WARN_RANGE_LOOP_ANALYSIS = YES;
				CLANG_WARN_STRICT_PROTOTYPES = YES;
				CLANG_WARN_SUSPICIOUS_MOVE = YES;
				CLANG_WARN_UNGUARDED_AVAILABILITY = YES_AGGRESSIVE;
				CLANG_WARN_UNREACHABLE_CODE = YES;
				CLANG_WARN__DUPLICATE_METHOD_MATCH = YES;
				COPY_PHASE_STRIP = NO;
				DEBUG_INFORMATION_FORMAT = dwarf;
				ENABLE_STRICT_OBJC_MSGSEND = YES;
				ENABLE_TESTABILITY = YES;
				ENABLE_USER_SCRIPT_SANDBOXING = YES;
				GCC_C_LANGUAGE_STANDARD = gnu17;
				GCC_DYNAMIC_NO_PIC = NO;
				GCC_NO_COMMON_BLOCKS = YES;
				GCC_OPTIMIZATION_LEVEL = 0;
				GCC_PREPROCESSOR_DEFINITIONS = (
					"DEBUG=1",
					"$(inherited)",
				);
				GCC_WARN_64_TO_32_BIT_CONVERSION = YES;
				GCC_WARN_ABOUT_RETURN_TYPE = YES_ERROR;
				GCC_WARN_UNDECLARED_SELECTOR = YES;
				GCC_WARN_UNINITIALIZED_AUTOS = YES_AGGRESSIVE;
				GCC_WARN_UNUSED_FUNCTION = YES;
				GCC_WARN_UNUSED_VARIABLE = YES;
				IPHONEOS_DEPLOYMENT_TARGET = 18.0;
				LOCALIZATION_PREFERS_STRING_CATALOGS = YES;
				MTL_ENABLE_DEBUG_INFO = INCLUDE_SOURCE;
				MTL_FAST_MATH = YES;
				ONLY_ACTIVE_ARCH = YES;
				SDKROOT = iphoneos;
				SWIFT_ACTIVE_COMPILATION_CONDITIONS = "DEBUG $(inherited)";
				SWIFT_OPTIMIZATION_LEVEL = "-Onone";
			};
			name = Debug;
		};
		04F73B3B2CC0155E00279310 /* Release */ = {
			isa = XCBuildConfiguration;
			buildSettings = {
				ALWAYS_SEARCH_USER_PATHS = NO;
				ASSETCATALOG_COMPILER_GENERATE_SWIFT_ASSET_SYMBOL_EXTENSIONS = YES;
				CLANG_ANALYZER_NONNULL = YES;
				CLANG_ANALYZER_NUMBER_OBJECT_CONVERSION = YES_AGGRESSIVE;
				CLANG_CXX_LANGUAGE_STANDARD = "gnu++20";
				CLANG_ENABLE_MODULES = YES;
				CLANG_ENABLE_OBJC_ARC = YES;
				CLANG_ENABLE_OBJC_WEAK = YES;
				CLANG_WARN_BLOCK_CAPTURE_AUTORELEASING = YES;
				CLANG_WARN_BOOL_CONVERSION = YES;
				CLANG_WARN_COMMA = YES;
				CLANG_WARN_CONSTANT_CONVERSION = YES;
				CLANG_WARN_DEPRECATED_OBJC_IMPLEMENTATIONS = YES;
				CLANG_WARN_DIRECT_OBJC_ISA_USAGE = YES_ERROR;
				CLANG_WARN_DOCUMENTATION_COMMENTS = YES;
				CLANG_WARN_EMPTY_BODY = YES;
				CLANG_WARN_ENUM_CONVERSION = YES;
				CLANG_WARN_INFINITE_RECURSION = YES;
				CLANG_WARN_INT_CONVERSION = YES;
				CLANG_WARN_NON_LITERAL_NULL_CONVERSION = YES;
				CLANG_WARN_OBJC_IMPLICIT_RETAIN_SELF = YES;
				CLANG_WARN_OBJC_LITERAL_CONVERSION = YES;
				CLANG_WARN_OBJC_ROOT_CLASS = YES_ERROR;
				CLANG_WARN_QUOTED_INCLUDE_IN_FRAMEWORK_HEADER = YES;
				CLANG_WARN_RANGE_LOOP_ANALYSIS = YES;
				CLANG_WARN_STRICT_PROTOTYPES = YES;
				CLANG_WARN_SUSPICIOUS_MOVE = YES;
				CLANG_WARN_UNGUARDED_AVAILABILITY = YES_AGGRESSIVE;
				CLANG_WARN_UNREACHABLE_CODE = YES;
				CLANG_WARN__DUPLICATE_METHOD_MATCH = YES;
				COPY_PHASE_STRIP = NO;
				DEBUG_INFORMATION_FORMAT = "dwarf-with-dsym";
				ENABLE_NS_ASSERTIONS = NO;
				ENABLE_STRICT_OBJC_MSGSEND = YES;
				ENABLE_USER_SCRIPT_SANDBOXING = YES;
				GCC_C_LANGUAGE_STANDARD = gnu17;
				GCC_NO_COMMON_BLOCKS = YES;
				GCC_WARN_64_TO_32_BIT_CONVERSION = YES;
				GCC_WARN_ABOUT_RETURN_TYPE = YES_ERROR;
				GCC_WARN_UNDECLARED_SELECTOR = YES;
				GCC_WARN_UNINITIALIZED_AUTOS = YES_AGGRESSIVE;
				GCC_WARN_UNUSED_FUNCTION = YES;
				GCC_WARN_UNUSED_VARIABLE = YES;
				IPHONEOS_DEPLOYMENT_TARGET = 18.0;
				LOCALIZATION_PREFERS_STRING_CATALOGS = YES;
				MTL_ENABLE_DEBUG_INFO = NO;
				MTL_FAST_MATH = YES;
				SDKROOT = iphoneos;
				SWIFT_COMPILATION_MODE = wholemodule;
				VALIDATE_PRODUCT = YES;
			};
			name = Release;
		};
		04F73B3D2CC0155E00279310 /* Debug */ = {
			isa = XCBuildConfiguration;
			buildSettings = {
				ASSETCATALOG_COMPILER_APPICON_NAME = AppIcon;
				ASSETCATALOG_COMPILER_GLOBAL_ACCENT_COLOR_NAME = AccentColor;
				CODE_SIGN_STYLE = Automatic;
				CURRENT_PROJECT_VERSION = 1;
				DEVELOPMENT_ASSET_PATHS = "\"Yuriy Shatunov/Preview Content\"";
				DEVELOPMENT_TEAM = QGM7999C9H;
				ENABLE_PREVIEWS = YES;
				GENERATE_INFOPLIST_FILE = YES;
				INFOPLIST_FILE = "Yuriy-Shatunov-Info.plist";
				INFOPLIST_KEY_LSApplicationCategoryType = "public.app-category.music";
				INFOPLIST_KEY_UIApplicationSceneManifest_Generation = YES;
				INFOPLIST_KEY_UIApplicationSupportsIndirectInputEvents = YES;
				INFOPLIST_KEY_UILaunchScreen_Generation = YES;
				INFOPLIST_KEY_UISupportedInterfaceOrientations = UIInterfaceOrientationPortrait;
				INFOPLIST_KEY_UISupportedInterfaceOrientations_iPad = "UIInterfaceOrientationPortrait UIInterfaceOrientationPortraitUpsideDown";
				IPHONEOS_DEPLOYMENT_TARGET = 16.6;
				LD_RUNPATH_SEARCH_PATHS = (
					"$(inherited)",
					"@executable_path/Frameworks",
				);
				MARKETING_VERSION = 1.0;
				PRODUCT_BUNDLE_IDENTIFIER = "Haidarov.Yuriy-Shatunov";
				PRODUCT_NAME = "$(TARGET_NAME)";
				SWIFT_EMIT_LOC_STRINGS = YES;
				SWIFT_VERSION = 5.0;
				TARGETED_DEVICE_FAMILY = "1,2";
			};
			name = Debug;
		};
		04F73B3E2CC0155E00279310 /* Release */ = {
			isa = XCBuildConfiguration;
			buildSettings = {
				ASSETCATALOG_COMPILER_APPICON_NAME = AppIcon;
				ASSETCATALOG_COMPILER_GLOBAL_ACCENT_COLOR_NAME = AccentColor;
				CODE_SIGN_STYLE = Automatic;
				CURRENT_PROJECT_VERSION = 1;
				DEVELOPMENT_ASSET_PATHS = "\"Yuriy Shatunov/Preview Content\"";
				DEVELOPMENT_TEAM = QGM7999C9H;
				ENABLE_PREVIEWS = YES;
				GENERATE_INFOPLIST_FILE = YES;
				INFOPLIST_FILE = "Yuriy-Shatunov-Info.plist";
				INFOPLIST_KEY_LSApplicationCategoryType = "public.app-category.music";
				INFOPLIST_KEY_UIApplicationSceneManifest_Generation = YES;
				INFOPLIST_KEY_UIApplicationSupportsIndirectInputEvents = YES;
				INFOPLIST_KEY_UILaunchScreen_Generation = YES;
				INFOPLIST_KEY_UISupportedInterfaceOrientations = UIInterfaceOrientationPortrait;
				INFOPLIST_KEY_UISupportedInterfaceOrientations_iPad = "UIInterfaceOrientationPortrait UIInterfaceOrientationPortraitUpsideDown";
				IPHONEOS_DEPLOYMENT_TARGET = 16.6;
				LD_RUNPATH_SEARCH_PATHS = (
					"$(inherited)",
					"@executable_path/Frameworks",
				);
				MARKETING_VERSION = 1.0;
				PRODUCT_BUNDLE_IDENTIFIER = "Haidarov.Yuriy-Shatunov";
				PRODUCT_NAME = "$(TARGET_NAME)";
				SWIFT_EMIT_LOC_STRINGS = YES;
				SWIFT_VERSION = 5.0;
				TARGETED_DEVICE_FAMILY = "1,2";
			};
			name = Release;
		};
		04F73B402CC0155E00279310 /* Debug */ = {
			isa = XCBuildConfiguration;
			buildSettings = {
				BUNDLE_LOADER = "$(TEST_HOST)";
				CODE_SIGN_STYLE = Automatic;
				CURRENT_PROJECT_VERSION = 1;
				DEVELOPMENT_TEAM = QGM7999C9H;
				GENERATE_INFOPLIST_FILE = YES;
				IPHONEOS_DEPLOYMENT_TARGET = 18.0;
				MARKETING_VERSION = 1.0;
				PRODUCT_BUNDLE_IDENTIFIER = "Haidarov.Yuriy-ShatunovTests";
				PRODUCT_NAME = "$(TARGET_NAME)";
				SWIFT_EMIT_LOC_STRINGS = NO;
				SWIFT_VERSION = 5.0;
				TARGETED_DEVICE_FAMILY = "1,2";
				TEST_HOST = "$(BUILT_PRODUCTS_DIR)/Yuriy Shatunov.app/$(BUNDLE_EXECUTABLE_FOLDER_PATH)/Yuriy Shatunov";
			};
			name = Debug;
		};
		04F73B412CC0155E00279310 /* Release */ = {
			isa = XCBuildConfiguration;
			buildSettings = {
				BUNDLE_LOADER = "$(TEST_HOST)";
				CODE_SIGN_STYLE = Automatic;
				CURRENT_PROJECT_VERSION = 1;
				DEVELOPMENT_TEAM = QGM7999C9H;
				GENERATE_INFOPLIST_FILE = YES;
				IPHONEOS_DEPLOYMENT_TARGET = 18.0;
				MARKETING_VERSION = 1.0;
				PRODUCT_BUNDLE_IDENTIFIER = "Haidarov.Yuriy-ShatunovTests";
				PRODUCT_NAME = "$(TARGET_NAME)";
				SWIFT_EMIT_LOC_STRINGS = NO;
				SWIFT_VERSION = 5.0;
				TARGETED_DEVICE_FAMILY = "1,2";
				TEST_HOST = "$(BUILT_PRODUCTS_DIR)/Yuriy Shatunov.app/$(BUNDLE_EXECUTABLE_FOLDER_PATH)/Yuriy Shatunov";
			};
			name = Release;
		};
		04F73B432CC0155E00279310 /* Debug */ = {
			isa = XCBuildConfiguration;
			buildSettings = {
				CODE_SIGN_STYLE = Automatic;
				CURRENT_PROJECT_VERSION = 1;
				DEVELOPMENT_TEAM = QGM7999C9H;
				GENERATE_INFOPLIST_FILE = YES;
				MARKETING_VERSION = 1.0;
				PRODUCT_BUNDLE_IDENTIFIER = "Haidarov.Yuriy-ShatunovUITests";
				PRODUCT_NAME = "$(TARGET_NAME)";
				SWIFT_EMIT_LOC_STRINGS = NO;
				SWIFT_VERSION = 5.0;
				TARGETED_DEVICE_FAMILY = "1,2";
				TEST_TARGET_NAME = "Yuriy Shatunov";
			};
			name = Debug;
		};
		04F73B442CC0155E00279310 /* Release */ = {
			isa = XCBuildConfiguration;
			buildSettings = {
				CODE_SIGN_STYLE = Automatic;
				CURRENT_PROJECT_VERSION = 1;
				DEVELOPMENT_TEAM = QGM7999C9H;
				GENERATE_INFOPLIST_FILE = YES;
				MARKETING_VERSION = 1.0;
				PRODUCT_BUNDLE_IDENTIFIER = "Haidarov.Yuriy-ShatunovUITests";
				PRODUCT_NAME = "$(TARGET_NAME)";
				SWIFT_EMIT_LOC_STRINGS = NO;
				SWIFT_VERSION = 5.0;
				TARGETED_DEVICE_FAMILY = "1,2";
				TEST_TARGET_NAME = "Yuriy Shatunov";
			};
			name = Release;
		};
/* End XCBuildConfiguration section */

/* Begin XCConfigurationList section */
		04F73B132CC0155B00279310 /* Build configuration list for PBXProject "Yuriy Shatunov" */ = {
			isa = XCConfigurationList;
			buildConfigurations = (
				04F73B3A2CC0155E00279310 /* Debug */,
				04F73B3B2CC0155E00279310 /* Release */,
			);
			defaultConfigurationIsVisible = 0;
			defaultConfigurationName = Release;
		};
		04F73B3C2CC0155E00279310 /* Build configuration list for PBXNativeTarget "Yuriy Shatunov" */ = {
			isa = XCConfigurationList;
			buildConfigurations = (
				04F73B3D2CC0155E00279310 /* Debug */,
				04F73B3E2CC0155E00279310 /* Release */,
			);
			defaultConfigurationIsVisible = 0;
			defaultConfigurationName = Release;
		};
		04F73B3F2CC0155E00279310 /* Build configuration list for PBXNativeTarget "Yuriy ShatunovTests" */ = {
			isa = XCConfigurationList;
			buildConfigurations = (
				04F73B402CC0155E00279310 /* Debug */,
				04F73B412CC0155E00279310 /* Release */,
			);
			defaultConfigurationIsVisible = 0;
			defaultConfigurationName = Release;
		};
		04F73B422CC0155E00279310 /* Build configuration list for PBXNativeTarget "Yuriy ShatunovUITests" */ = {
			isa = XCConfigurationList;
			buildConfigurations = (
				04F73B432CC0155E00279310 /* Debug */,
				04F73B442CC0155E00279310 /* Release */,
			);
			defaultConfigurationIsVisible = 0;
			defaultConfigurationName = Release;
		};
/* End XCConfigurationList section */
	};
	rootObject = 04F73B102CC0155B00279310 /* Project object */;
}
